
Microsoft Visual Studio Solution File, Format Version 12.00
# Visual Studio Version 17
VisualStudioVersion = 17.5.33414.496
MinimumVisualStudioVersion = 10.0.40219.1
Project("{8BC9CEB8-8B4A-11D0-8D11-00A0C91BC942}") = "135-Matrizes", "135-Matrizes.vcxproj", "{97F62AEC-E612-4CE1-876E-DB6B89D7C3D3}"
EndProject
Global
	GlobalSection(SolutionConfigurationPlatforms) = preSolution
		Debug|x64 = Debug|x64
		Debug|x86 = Debug|x86
		Release|x64 = Release|x64
		Release|x86 = Release|x86
	EndGlobalSection
	GlobalSection(ProjectConfigurationPlatforms) = postSolution
		{97F62AEC-E612-4CE1-876E-DB6B89D7C3D3}.Debug|x64.ActiveCfg = Debug|x64
		{97F62AEC-E612-4CE1-876E-DB6B89D7C3D3}.Debug|x64.Build.0 = Debug|x64
		{97F62AEC-E612-4CE1-876E-DB6B89D7C3D3}.Debug|x86.ActiveCfg = Debug|Win32
		{97F62AEC-E612-4CE1-876E-DB6B89D7C3D3}.Debug|x86.Build.0 = Debug|Win32
		{97F62AEC-E612-4CE1-876E-DB6B89D7C3D3}.Release|x64.ActiveCfg = Release|x64
		{97F62AEC-E612-4CE1-876E-DB6B89D7C3D3}.Release|x64.Build.0 = Release|x64
		{97F62AEC-E612-4CE1-876E-DB6B89D7C3D3}.Release|x86.ActiveCfg = Release|Win32
		{97F62AEC-E612-4CE1-876E-DB6B89D7C3D3}.Release|x86.Build.0 = Release|Win32
	EndGlobalSection
	GlobalSection(SolutionProperties) = preSolution
		HideSolutionNode = FALSE
	EndGlobalSection
	GlobalSection(ExtensibilityGlobals) = postSolution
		SolutionGuid = {F1683E5E-7340-4268-8D93-E7B2659C6FC5}
	EndGlobalSection
EndGlobal
