
Microsoft Visual Studio Solution File, Format Version 12.00
# Visual Studio Version 17
VisualStudioVersion = 17.5.33414.496
MinimumVisualStudioVersion = 10.0.40219.1
Project("{8BC9CEB8-8B4A-11D0-8D11-00A0C91BC942}") = "143-Relacao_Arrays_Ponteiros", "143-Relacao_Arrays_Ponteiros.vcxproj", "{5775705E-8E7B-4171-A1D6-9C98284A7D46}"
EndProject
Global
	GlobalSection(SolutionConfigurationPlatforms) = preSolution
		Debug|x64 = Debug|x64
		Debug|x86 = Debug|x86
		Release|x64 = Release|x64
		Release|x86 = Release|x86
	EndGlobalSection
	GlobalSection(ProjectConfigurationPlatforms) = postSolution
		{5775705E-8E7B-4171-A1D6-9C98284A7D46}.Debug|x64.ActiveCfg = Debug|x64
		{5775705E-8E7B-4171-A1D6-9C98284A7D46}.Debug|x64.Build.0 = Debug|x64
		{5775705E-8E7B-4171-A1D6-9C98284A7D46}.Debug|x86.ActiveCfg = Debug|Win32
		{5775705E-8E7B-4171-A1D6-9C98284A7D46}.Debug|x86.Build.0 = Debug|Win32
		{5775705E-8E7B-4171-A1D6-9C98284A7D46}.Release|x64.ActiveCfg = Release|x64
		{5775705E-8E7B-4171-A1D6-9C98284A7D46}.Release|x64.Build.0 = Release|x64
		{5775705E-8E7B-4171-A1D6-9C98284A7D46}.Release|x86.ActiveCfg = Release|Win32
		{5775705E-8E7B-4171-A1D6-9C98284A7D46}.Release|x86.Build.0 = Release|Win32
	EndGlobalSection
	GlobalSection(SolutionProperties) = preSolution
		HideSolutionNode = FALSE
	EndGlobalSection
	GlobalSection(ExtensibilityGlobals) = postSolution
		SolutionGuid = {38C1985C-5348-4AD5-AC7D-E3996BA6BCE2}
	EndGlobalSection
EndGlobal
