
Microsoft Visual Studio Solution File, Format Version 12.00
# Visual Studio Version 17
VisualStudioVersion = 17.5.33414.496
MinimumVisualStudioVersion = 10.0.40219.1
Project("{8BC9CEB8-8B4A-11D0-8D11-00A0C91BC942}") = "119-Passagem_Argumentos_Referencia", "119-Passagem_Argumentos_Referencia.vcxproj", "{FEC90ED9-73EC-4995-AB65-CCF46D4B3030}"
EndProject
Global
	GlobalSection(SolutionConfigurationPlatforms) = preSolution
		Debug|x64 = Debug|x64
		Debug|x86 = Debug|x86
		Release|x64 = Release|x64
		Release|x86 = Release|x86
	EndGlobalSection
	GlobalSection(ProjectConfigurationPlatforms) = postSolution
		{FEC90ED9-73EC-4995-AB65-CCF46D4B3030}.Debug|x64.ActiveCfg = Debug|x64
		{FEC90ED9-73EC-4995-AB65-CCF46D4B3030}.Debug|x64.Build.0 = Debug|x64
		{FEC90ED9-73EC-4995-AB65-CCF46D4B3030}.Debug|x86.ActiveCfg = Debug|Win32
		{FEC90ED9-73EC-4995-AB65-CCF46D4B3030}.Debug|x86.Build.0 = Debug|Win32
		{FEC90ED9-73EC-4995-AB65-CCF46D4B3030}.Release|x64.ActiveCfg = Release|x64
		{FEC90ED9-73EC-4995-AB65-CCF46D4B3030}.Release|x64.Build.0 = Release|x64
		{FEC90ED9-73EC-4995-AB65-CCF46D4B3030}.Release|x86.ActiveCfg = Release|Win32
		{FEC90ED9-73EC-4995-AB65-CCF46D4B3030}.Release|x86.Build.0 = Release|Win32
	EndGlobalSection
	GlobalSection(SolutionProperties) = preSolution
		HideSolutionNode = FALSE
	EndGlobalSection
	GlobalSection(ExtensibilityGlobals) = postSolution
		SolutionGuid = {93524D65-8E5A-4ACB-B0AB-05E08CB5EA09}
	EndGlobalSection
EndGlobal
